// !$*UTF8*$!
{
	archiveVersion = 1;
	classes = {
	};
	objectVersion = 56;
	objects = {

/* Begin PBXBuildFile section */
		CB3EB7202968F3F7007CDE9B /* iExpenseApp.swift in Sources */ = {isa = PBXBuildFile; fileRef = CB3EB71F2968F3F7007CDE9B /* iExpenseApp.swift */; };
		CB3EB7222968F3F7007CDE9B /* ContentView.swift in Sources */ = {isa = PBXBuildFile; fileRef = CB3EB7212968F3F7007CDE9B /* ContentView.swift */; };
		CB3EB7242968F3F9007CDE9B /* Assets.xcassets in Resources */ = {isa = PBXBuildFile; fileRef = CB3EB7232968F3F9007CDE9B /* Assets.xcassets */; };
		CB3EB7272968F3F9007CDE9B /* Preview Assets.xcassets in Resources */ = {isa = PBXBuildFile; fileRef = CB3EB7262968F3F9007CDE9B /* Preview Assets.xcassets */; };
		CB3EB72E296CB84B007CDE9B /* ExpenseItem.swift in Sources */ = {isa = PBXBuildFile; fileRef = CB3EB72D296CB84B007CDE9B /* ExpenseItem.swift */; };
		CB3EB730296CBEE6007CDE9B /* Expenses.swift in Sources */ = {isa = PBXBuildFile; fileRef = CB3EB72F296CBEE6007CDE9B /* Expenses.swift */; };
		CB3EB732296F8B79007CDE9B /* AddView.swift in Sources */ = {isa = PBXBuildFile; fileRef = CB3EB731296F8B79007CDE9B /* AddView.swift */; };
/* End PBXBuildFile section */

/* Begin PBXFileReference section */
		CB3EB71C2968F3F7007CDE9B /* iExpense.app */ = {isa = PBXFileReference; explicitFileType = wrapper.application; includeInIndex = 0; path = iExpense.app; sourceTree = BUILT_PRODUCTS_DIR; };
		CB3EB71F2968F3F7007CDE9B /* iExpenseApp.swift */ = {isa = PBXFileReference; lastKnownFileType = sourcecode.swift; path = iExpenseApp.swift; sourceTree = "<group>"; };
		CB3EB7212968F3F7007CDE9B /* ContentView.swift */ = {isa = PBXFileReference; lastKnownFileType = sourcecode.swift; path = ContentView.swift; sourceTree = "<group>"; };
		CB3EB7232968F3F9007CDE9B /* Assets.xcassets */ = {isa = PBXFileReference; lastKnownFileType = folder.assetcatalog; path = Assets.xcassets; sourceTree = "<group>"; };
		CB3EB7262968F3F9007CDE9B /* Preview Assets.xcassets */ = {isa = PBXFileReference; lastKnownFileType = folder.assetcatalog; path = "Preview Assets.xcassets"; sourceTree = "<group>"; };
		CB3EB72D296CB84B007CDE9B /* ExpenseItem.swift */ = {isa = PBXFileReference; lastKnownFileType = sourcecode.swift; path = ExpenseItem.swift; sourceTree = "<group>"; };
		CB3EB72F296CBEE6007CDE9B /* Expenses.swift */ = {isa = PBXFileReference; lastKnownFileType = sourcecode.swift; path = Expenses.swift; sourceTree = "<group>"; };
		CB3EB731296F8B79007CDE9B /* AddView.swift */ = {isa = PBXFileReference; lastKnownFileType = sourcecode.swift; path = AddView.swift; sourceTree = "<group>"; };
/* End PBXFileReference section */

/* Begin PBXFrameworksBuildPhase section */
		CB3EB7192968F3F7007CDE9B /* Frameworks */ = {
			isa = PBXFrameworksBuildPhase;
			buildActionMask = 2147483647;
			files = (
			);
			runOnlyForDeploymentPostprocessing = 0;
		};
/* End PBXFrameworksBuildPhase section */

/* Begin PBXGroup section */
		CB3EB7132968F3F7007CDE9B = {
			isa = PBXGroup;
			children = (
				CB3EB71E2968F3F7007CDE9B /* iExpense */,
				CB3EB71D2968F3F7007CDE9B /* Products */,
			);
			sourceTree = "<group>";
		};
		CB3EB71D2968F3F7007CDE9B /* Products */ = {
			isa = PBXGroup;
			children = (
				CB3EB71C2968F3F7007CDE9B /* iExpense.app */,
			);
			name = Products;
			sourceTree = "<group>";
		};
		CB3EB71E2968F3F7007CDE9B /* iExpense */ = {
			isa = PBXGroup;
			children = (
				CB3EB71F2968F3F7007CDE9B /* iExpenseApp.swift */,
				CB3EB7212968F3F7007CDE9B /* ContentView.swift */,
				CB3EB72D296CB84B007CDE9B /* ExpenseItem.swift */,
				CB3EB72F296CBEE6007CDE9B /* Expenses.swift */,
				CB3EB731296F8B79007CDE9B /* AddView.swift */,
				CB3EB7232968F3F9007CDE9B /* Assets.xcassets */,
				CB3EB7252968F3F9007CDE9B /* Preview Content */,
			);
			path = iExpense;
			sourceTree = "<group>";
		};
		CB3EB7252968F3F9007CDE9B /* Preview Content */ = {
			isa = PBXGroup;
			children = (
				CB3EB7262968F3F9007CDE9B /* Preview Assets.xcassets */,
			);
			path = "Preview Content";
			sourceTree = "<group>";
		};
/* End PBXGroup section */

/* Begin PBXNativeTarget section */
		CB3EB71B2968F3F7007CDE9B /* iExpense */ = {
			isa = PBXNativeTarget;
			buildConfigurationList = CB3EB72A2968F3F9007CDE9B /* Build configuration list for PBXNativeTarget "iExpense" */;
			buildPhases = (
				CB3EB7182968F3F7007CDE9B /* Sources */,
				CB3EB7192968F3F7007CDE9B /* Frameworks */,
				CB3EB71A2968F3F7007CDE9B /* Resources */,
			);
			buildRules = (
			);
			dependencies = (
			);
			name = iExpense;
			productName = iExpense;
			productReference = CB3EB71C2968F3F7007CDE9B /* iExpense.app */;
			productType = "com.apple.product-type.application";
		};
/* End PBXNativeTarget section */

/* Begin PBXProject section */
		CB3EB7142968F3F7007CDE9B /* Project object */ = {
			isa = PBXProject;
			attributes = {
				BuildIndependentTargetsInParallel = 1;
				LastSwiftUpdateCheck = 1400;
				LastUpgradeCheck = 1400;
				TargetAttributes = {
					CB3EB71B2968F3F7007CDE9B = {
						CreatedOnToolsVersion = 14.0;
					};
				};
			};
			buildConfigurationList = CB3EB7172968F3F7007CDE9B /* Build configuration list for PBXProject "iExpense" */;
			compatibilityVersion = "Xcode 14.0";
			developmentRegion = en;
			hasScannedForEncodings = 0;
			knownRegions = (
				en,
				Base,
			);
			mainGroup = CB3EB7132968F3F7007CDE9B;
			productRefGroup = CB3EB71D2968F3F7007CDE9B /* Products */;
			projectDirPath = "";
			projectRoot = "";
			targets = (
				CB3EB71B2968F3F7007CDE9B /* iExpense */,
			);
		};
/* End PBXProject section */

/* Begin PBXResourcesBuildPhase section */
		CB3EB71A2968F3F7007CDE9B /* Resources */ = {
			isa = PBXResourcesBuildPhase;
			buildActionMask = 2147483647;
			files = (
				CB3EB7272968F3F9007CDE9B /* Preview Assets.xcassets in Resources */,
				CB3EB7242968F3F9007CDE9B /* Assets.xcassets in Resources */,
			);
			runOnlyForDeploymentPostprocessing = 0;
		};
/* End PBXResourcesBuildPhase section */

/* Begin PBXSourcesBuildPhase section */
		CB3EB7182968F3F7007CDE9B /* Sources */ = {
			isa = PBXSourcesBuildPhase;
			buildActionMask = 2147483647;
			files = (
				CB3EB730296CBEE6007CDE9B /* Expenses.swift in Sources */,
				CB3EB7222968F3F7007CDE9B /* ContentView.swift in Sources */,
				CB3EB732296F8B79007CDE9B /* AddView.swift in Sources */,
				CB3EB72E296CB84B007CDE9B /* ExpenseItem.swift in Sources */,
				CB3EB7202968F3F7007CDE9B /* iExpenseApp.swift in Sources */,
			);
			runOnlyForDeploymentPostprocessing = 0;
		};
/* End PBXSourcesBuildPhase section */

/* Begin XCBuildConfiguration section */
		CB3EB7282968F3F9007CDE9B /* Debug */ = {
			isa = XCBuildConfiguration;
			buildSettings = {
				ALWAYS_SEARCH_USER_PATHS = NO;
				CLANG_ANALYZER_NONNULL = YES;
				CLANG_ANALYZER_NUMBER_OBJECT_CONVERSION = YES_AGGRESSIVE;
				CLANG_CXX_LANGUAGE_STANDARD = "gnu++20";
				CLANG_ENABLE_MODULES = YES;
				CLANG_ENABLE_OBJC_ARC = YES;
				CLANG_ENABLE_OBJC_WEAK = YES;
				CLANG_WARN_BLOCK_CAPTURE_AUTORELEASING = YES;
				CLANG_WARN_BOOL_CONVERSION = YES;
				CLANG_WARN_COMMA = YES;
				CLANG_WARN_CONSTANT_CONVERSION = YES;
				CLANG_WARN_DEPRECATED_OBJC_IMPLEMENTATIONS = YES;
				CLANG_WARN_DIRECT_OBJC_ISA_USAGE = YES_ERROR;
				CLANG_WARN_DOCUMENTATION_COMMENTS = YES;
				CLANG_WARN_EMPTY_BODY = YES;
				CLANG_WARN_ENUM_CONVERSION = YES;
				CLANG_WARN_INFINITE_RECURSION = YES;
				CLANG_WARN_INT_CONVERSION = YES;
				CLANG_WARN_NON_LITERAL_NULL_CONVERSION = YES;
				CLANG_WARN_OBJC_IMPLICIT_RETAIN_SELF = YES;
				CLANG_WARN_OBJC_LITERAL_CONVERSION = YES;
				CLANG_WARN_OBJC_ROOT_CLASS = YES_ERROR;
				CLANG_WARN_QUOTED_INCLUDE_IN_FRAMEWORK_HEADER = YES;
				CLANG_WARN_RANGE_LOOP_ANALYSIS = YES;
				CLANG_WARN_STRICT_PROTOTYPES = YES;
				CLANG_WARN_SUSPICIOUS_MOVE = YES;
				CLANG_WARN_UNGUARDED_AVAILABILITY = YES_AGGRESSIVE;
				CLANG_WARN_UNREACHABLE_CODE = YES;
				CLANG_WARN__DUPLICATE_METHOD_MATCH = YES;
				COPY_PHASE_STRIP = NO;
				DEBUG_INFORMATION_FORMAT = dwarf;
				ENABLE_STRICT_OBJC_MSGSEND = YES;
				ENABLE_TESTABILITY = YES;
				GCC_C_LANGUAGE_STANDARD = gnu11;
				GCC_DYNAMIC_NO_PIC = NO;
				GCC_NO_COMMON_BLOCKS = YES;
				GCC_OPTIMIZATION_LEVEL = 0;
				GCC_PREPROCESSOR_DEFINITIONS = (
					"DEBUG=1",
					"$(inherited)",
				);
				GCC_WARN_64_TO_32_BIT_CONVERSION = YES;
				GCC_WARN_ABOUT_RETURN_TYPE = YES_ERROR;
				GCC_WARN_UNDECLARED_SELECTOR = YES;
				GCC_WARN_UNINITIALIZED_AUTOS = YES_AGGRESSIVE;
				GCC_WARN_UNUSED_FUNCTION = YES;
				GCC_WARN_UNUSED_VARIABLE = YES;
				IPHONEOS_DEPLOYMENT_TARGET = 16.0;
				MTL_ENABLE_DEBUG_INFO = INCLUDE_SOURCE;
				MTL_FAST_MATH = YES;
				ONLY_ACTIVE_ARCH = YES;
				SDKROOT = iphoneos;
				SWIFT_ACTIVE_COMPILATION_CONDITIONS = DEBUG;
				SWIFT_OPTIMIZATION_LEVEL = "-Onone";
			};
			name = Debug;
		};
		CB3EB7292968F3F9007CDE9B /* Release */ = {
			isa = XCBuildConfiguration;
			buildSettings = {
				ALWAYS_SEARCH_USER_PATHS = NO;
				CLANG_ANALYZER_NONNULL = YES;
				CLANG_ANALYZER_NUMBER_OBJECT_CONVERSION = YES_AGGRESSIVE;
				CLANG_CXX_LANGUAGE_STANDARD = "gnu++20";
				CLANG_ENABLE_MODULES = YES;
				CLANG_ENABLE_OBJC_ARC = YES;
				CLANG_ENABLE_OBJC_WEAK = YES;
				CLANG_WARN_BLOCK_CAPTURE_AUTORELEASING = YES;
				CLANG_WARN_BOOL_CONVERSION = YES;
				CLANG_WARN_COMMA = YES;
				CLANG_WARN_CONSTANT_CONVERSION = YES;
				CLANG_WARN_DEPRECATED_OBJC_IMPLEMENTATIONS = YES;
				CLANG_WARN_DIRECT_OBJC_ISA_USAGE = YES_ERROR;
				CLANG_WARN_DOCUMENTATION_COMMENTS = YES;
				CLANG_WARN_EMPTY_BODY = YES;
				CLANG_WARN_ENUM_CONVERSION = YES;
				CLANG_WARN_INFINITE_RECURSION = YES;
				CLANG_WARN_INT_CONVERSION = YES;
				CLANG_WARN_NON_LITERAL_NULL_CONVERSION = YES;
				CLANG_WARN_OBJC_IMPLICIT_RETAIN_SELF = YES;
				CLANG_WARN_OBJC_LITERAL_CONVERSION = YES;
				CLANG_WARN_OBJC_ROOT_CLASS = YES_ERROR;
				CLANG_WARN_QUOTED_INCLUDE_IN_FRAMEWORK_HEADER = YES;
				CLANG_WARN_RANGE_LOOP_ANALYSIS = YES;
				CLANG_WARN_STRICT_PROTOTYPES = YES;
				CLANG_WARN_SUSPICIOUS_MOVE = YES;
				CLANG_WARN_UNGUARDED_AVAILABILITY = YES_AGGRESSIVE;
				CLANG_WARN_UNREACHABLE_CODE = YES;
				CLANG_WARN__DUPLICATE_METHOD_MATCH = YES;
				COPY_PHASE_STRIP = NO;
				DEBUG_INFORMATION_FORMAT = "dwarf-with-dsym";
				ENABLE_NS_ASSERTIONS = NO;
				ENABLE_STRICT_OBJC_MSGSEND = YES;
				GCC_C_LANGUAGE_STANDARD = gnu11;
				GCC_NO_COMMON_BLOCKS = YES;
				GCC_WARN_64_TO_32_BIT_CONVERSION = YES;
				GCC_WARN_ABOUT_RETURN_TYPE = YES_ERROR;
				GCC_WARN_UNDECLARED_SELECTOR = YES;
				GCC_WARN_UNINITIALIZED_AUTOS = YES_AGGRESSIVE;
				GCC_WARN_UNUSED_FUNCTION = YES;
				GCC_WARN_UNUSED_VARIABLE = YES;
				IPHONEOS_DEPLOYMENT_TARGET = 16.0;
				MTL_ENABLE_DEBUG_INFO = NO;
				MTL_FAST_MATH = YES;
				SDKROOT = iphoneos;
				SWIFT_COMPILATION_MODE = wholemodule;
				SWIFT_OPTIMIZATION_LEVEL = "-O";
				VALIDATE_PRODUCT = YES;
			};
			name = Release;
		};
		CB3EB72B2968F3F9007CDE9B /* Debug */ = {
			isa = XCBuildConfiguration;
			buildSettings = {
				ASSETCATALOG_COMPILER_APPICON_NAME = AppIcon;
				ASSETCATALOG_COMPILER_GLOBAL_ACCENT_COLOR_NAME = AccentColor;
				CODE_SIGN_STYLE = Automatic;
				CURRENT_PROJECT_VERSION = 1;
				DEVELOPMENT_ASSET_PATHS = "\"iExpense/Preview Content\"";
				DEVELOPMENT_TEAM = 5CDGW4297F;
				ENABLE_PREVIEWS = YES;
				GENERATE_INFOPLIST_FILE = YES;
				INFOPLIST_KEY_UIApplicationSceneManifest_Generation = YES;
				INFOPLIST_KEY_UIApplicationSupportsIndirectInputEvents = YES;
				INFOPLIST_KEY_UILaunchScreen_Generation = YES;
				INFOPLIST_KEY_UISupportedInterfaceOrientations_iPad = "UIInterfaceOrientationPortrait UIInterfaceOrientationPortraitUpsideDown UIInterfaceOrientationLandscapeLeft UIInterfaceOrientationLandscapeRight";
				INFOPLIST_KEY_UISupportedInterfaceOrientations_iPhone = "UIInterfaceOrientationPortrait UIInterfaceOrientationLandscapeLeft UIInterfaceOrientationLandscapeRight";
				LD_RUNPATH_SEARCH_PATHS = (
					"$(inherited)",
					"@executable_path/Frameworks",
				);
				MARKETING_VERSION = 1.0;
				PRODUCT_BUNDLE_IDENTIFIER = com.matthewdolan.iExpense;
				PRODUCT_NAME = "$(TARGET_NAME)";
				SWIFT_EMIT_LOC_STRINGS = YES;
				SWIFT_VERSION = 5.0;
				TARGETED_DEVICE_FAMILY = "1,2";
			};
			name = Debug;
		};
		CB3EB72C2968F3F9007CDE9B /* Release */ = {
			isa = XCBuildConfiguration;
			buildSettings = {
				ASSETCATALOG_COMPILER_APPICON_NAME = AppIcon;
				ASSETCATALOG_COMPILER_GLOBAL_ACCENT_COLOR_NAME = AccentColor;
				CODE_SIGN_STYLE = Automatic;
				CURRENT_PROJECT_VERSION = 1;
				DEVELOPMENT_ASSET_PATHS = "\"iExpense/Preview Content\"";
				DEVELOPMENT_TEAM = 5CDGW4297F;
				ENABLE_PREVIEWS = YES;
				GENERATE_INFOPLIST_FILE = YES;
				INFOPLIST_KEY_UIApplicationSceneManifest_Generation = YES;
				INFOPLIST_KEY_UIApplicationSupportsIndirectInputEvents = YES;
				INFOPLIST_KEY_UILaunchScreen_Generation = YES;
				INFOPLIST_KEY_UISupportedInterfaceOrientations_iPad = "UIInterfaceOrientationPortrait UIInterfaceOrientationPortraitUpsideDown UIInterfaceOrientationLandscapeLeft UIInterfaceOrientationLandscapeRight";
				INFOPLIST_KEY_UISupportedInterfaceOrientations_iPhone = "UIInterfaceOrientationPortrait UIInterfaceOrientationLandscapeLeft UIInterfaceOrientationLandscapeRight";
				LD_RUNPATH_SEARCH_PATHS = (
					"$(inherited)",
					"@executable_path/Frameworks",
				);
				MARKETING_VERSION = 1.0;
				PRODUCT_BUNDLE_IDENTIFIER = com.matthewdolan.iExpense;
				PRODUCT_NAME = "$(TARGET_NAME)";
				SWIFT_EMIT_LOC_STRINGS = YES;
				SWIFT_VERSION = 5.0;
				TARGETED_DEVICE_FAMILY = "1,2";
			};
			name = Release;
		};
/* End XCBuildConfiguration section */

/* Begin XCConfigurationList section */
		CB3EB7172968F3F7007CDE9B /* Build configuration list for PBXProject "iExpense" */ = {
			isa = XCConfigurationList;
			buildConfigurations = (
				CB3EB7282968F3F9007CDE9B /* Debug */,
				CB3EB7292968F3F9007CDE9B /* Release */,
			);
			defaultConfigurationIsVisible = 0;
			defaultConfigurationName = Release;
		};
		CB3EB72A2968F3F9007CDE9B /* Build configuration list for PBXNativeTarget "iExpense" */ = {
			isa = XCConfigurationList;
			buildConfigurations = (
				CB3EB72B2968F3F9007CDE9B /* Debug */,
				CB3EB72C2968F3F9007CDE9B /* Release */,
			);
			defaultConfigurationIsVisible = 0;
			defaultConfigurationName = Release;
		};
/* End XCConfigurationList section */
	};
	rootObject = CB3EB7142968F3F7007CDE9B /* Project object */;
}
